<Solution>
  <Project Path="Infrastructure/Infrastructure.csproj" />
  <Project Path="Modules/Orders/Orders.Application/Orders.Application.csproj" />
  <Project Path="Modules/Orders/Orders.Domain/Orders.Domain.csproj" />
  <Project Path="Modules/Orders/Orders.Infrastructure/Orders.Infrastructure.csproj" />
  <Project Path="Orders.Api/Orders.Api.csproj" />
</Solution>
